
Microsoft Visual Studio Solution File, Format Version 12.00
# Visual Studio Version 17
VisualStudioVersion = 17.3.32825.248
MinimumVisualStudioVersion = 10.0.40219.1
Project("{FAE04EC0-301F-11D3-BF4B-00C04F79EFBC}") = "TestApp", "TestApp\TestApp.csproj", "{61B85456-902E-4F4E-B1D8-3C6286B3C723}"
EndProject
Project("{FAE04EC0-301F-11D3-BF4B-00C04F79EFBC}") = "DFrameLib", "DFrameLib\DFrameLib.csproj", "{53B290FC-D58A-48A5-AB50-4975FD5F4D63}"
EndProject
Global
	GlobalSection(SolutionConfigurationPlatforms) = preSolution
		Debug|Any CPU = Debug|Any CPU
		Release|Any CPU = Release|Any CPU
	EndGlobalSection
	GlobalSection(ProjectConfigurationPlatforms) = postSolution
		{61B85456-902E-4F4E-B1D8-3C6286B3C723}.Debug|Any CPU.ActiveCfg = Debug|Any CPU
		{61B85456-902E-4F4E-B1D8-3C6286B3C723}.Debug|Any CPU.Build.0 = Debug|Any CPU
		{61B85456-902E-4F4E-B1D8-3C6286B3C723}.Release|Any CPU.ActiveCfg = Release|Any CPU
		{61B85456-902E-4F4E-B1D8-3C6286B3C723}.Release|Any CPU.Build.0 = Release|Any CPU
		{53B290FC-D58A-48A5-AB50-4975FD5F4D63}.Debug|Any CPU.ActiveCfg = Debug|Any CPU
		{53B290FC-D58A-48A5-AB50-4975FD5F4D63}.Debug|Any CPU.Build.0 = Debug|Any CPU
		{53B290FC-D58A-48A5-AB50-4975FD5F4D63}.Release|Any CPU.ActiveCfg = Release|Any CPU
		{53B290FC-D58A-48A5-AB50-4975FD5F4D63}.Release|Any CPU.Build.0 = Release|Any CPU
	EndGlobalSection
	GlobalSection(SolutionProperties) = preSolution
		HideSolutionNode = FALSE
	EndGlobalSection
	GlobalSection(ExtensibilityGlobals) = postSolution
		SolutionGuid = {8C90FEAC-6F82-48D9-9EA5-4A503E033FDD}
	EndGlobalSection
EndGlobal
